
Microsoft Visual Studio Solution File, Format Version 12.00
# Visual Studio 2015
Project("{FAE04EC0-301F-11D3-BF4B-00C04F79EFBC}") = "UnityVS.abggame.CSharp", "UnityVS.abggame.CSharp.csproj", "{ECB1D3A4-26C9-9436-6C8C-6E1A7767EDE0}"
EndProject
Project("{FAE04EC0-301F-11D3-BF4B-00C04F79EFBC}") = "UnityVS.abggame.CSharp.Editor", "UnityVS.abggame.CSharp.Editor.csproj", "{AC4369B6-57B2-D77F-8F9A-DB6929D6E244}"
EndProject
Global
	GlobalSection(SolutionConfigurationPlatforms) = preSolution
		Debug|Any CPU = Debug|Any CPU
		Release|Any CPU = Release|Any CPU
	EndGlobalSection
	GlobalSection(ProjectConfigurationPlatforms) = postSolution
		{ECB1D3A4-26C9-9436-6C8C-6E1A7767EDE0}.Debug|Any CPU.ActiveCfg = Debug|Any CPU
		{ECB1D3A4-26C9-9436-6C8C-6E1A7767EDE0}.Debug|Any CPU.Build.0 = Debug|Any CPU
		{ECB1D3A4-26C9-9436-6C8C-6E1A7767EDE0}.Release|Any CPU.ActiveCfg = Release|Any CPU
		{ECB1D3A4-26C9-9436-6C8C-6E1A7767EDE0}.Release|Any CPU.Build.0 = Release|Any CPU
		{AC4369B6-57B2-D77F-8F9A-DB6929D6E244}.Debug|Any CPU.ActiveCfg = Debug|Any CPU
		{AC4369B6-57B2-D77F-8F9A-DB6929D6E244}.Debug|Any CPU.Build.0 = Debug|Any CPU
		{AC4369B6-57B2-D77F-8F9A-DB6929D6E244}.Release|Any CPU.ActiveCfg = Release|Any CPU
		{AC4369B6-57B2-D77F-8F9A-DB6929D6E244}.Release|Any CPU.Build.0 = Release|Any CPU
	EndGlobalSection
	GlobalSection(SolutionProperties) = preSolution
		HideSolutionNode = FALSE
	EndGlobalSection
EndGlobal
